
Microsoft Visual Studio Solution File, Format Version 12.00
# Visual Studio Version 16
Project("{8BC9CEB8-8B4A-11D0-8D11-00A0C91BC942}") = "ALL_BUILD", "ALL_BUILD.vcxproj", "{2060E568-C647-3F9F-9EC8-E8186EA6CC87}"
	ProjectSection(ProjectDependencies) = postProject
		{CA09720F-60CD-3D31-A78F-3331AA6D6772} = {CA09720F-60CD-3D31-A78F-3331AA6D6772}
		{392701A9-D6EE-34C9-A71A-713B2D45F823} = {392701A9-D6EE-34C9-A71A-713B2D45F823}
		{C5157984-0EA5-36C0-843A-85A4AC9EDA70} = {C5157984-0EA5-36C0-843A-85A4AC9EDA70}
	EndProjectSection
EndProject
Project("{8BC9CEB8-8B4A-11D0-8D11-00A0C91BC942}") = "EasyRPG_Player", "EasyRPG_Player.vcxproj", "{CA09720F-60CD-3D31-A78F-3331AA6D6772}"
	ProjectSection(ProjectDependencies) = postProject
		{C5157984-0EA5-36C0-843A-85A4AC9EDA70} = {C5157984-0EA5-36C0-843A-85A4AC9EDA70}
	EndProjectSection
EndProject
Project("{8BC9CEB8-8B4A-11D0-8D11-00A0C91BC942}") = "EasyRPG_Player_exe", "EasyRPG_Player_exe.vcxproj", "{392701A9-D6EE-34C9-A71A-713B2D45F823}"
	ProjectSection(ProjectDependencies) = postProject
		{CA09720F-60CD-3D31-A78F-3331AA6D6772} = {CA09720F-60CD-3D31-A78F-3331AA6D6772}
		{C5157984-0EA5-36C0-843A-85A4AC9EDA70} = {C5157984-0EA5-36C0-843A-85A4AC9EDA70}
	EndProjectSection
EndProject
Project("{8BC9CEB8-8B4A-11D0-8D11-00A0C91BC942}") = "INSTALL", "INSTALL.vcxproj", "{EB2DF56E-38ED-3F11-BD8E-FCCAC057B68B}"
	ProjectSection(ProjectDependencies) = postProject
		{2060E568-C647-3F9F-9EC8-E8186EA6CC87} = {2060E568-C647-3F9F-9EC8-E8186EA6CC87}
		{C5157984-0EA5-36C0-843A-85A4AC9EDA70} = {C5157984-0EA5-36C0-843A-85A4AC9EDA70}
	EndProjectSection
EndProject
Project("{8BC9CEB8-8B4A-11D0-8D11-00A0C91BC942}") = "ZERO_CHECK", "ZERO_CHECK.vcxproj", "{C5157984-0EA5-36C0-843A-85A4AC9EDA70}"
	ProjectSection(ProjectDependencies) = postProject
	EndProjectSection
EndProject
Project("{8BC9CEB8-8B4A-11D0-8D11-00A0C91BC942}") = "check", "check.vcxproj", "{6F59DB8F-3C01-34E6-A90A-CE6B3251038D}"
	ProjectSection(ProjectDependencies) = postProject
		{C5157984-0EA5-36C0-843A-85A4AC9EDA70} = {C5157984-0EA5-36C0-843A-85A4AC9EDA70}
		{A11AE742-6127-3329-91AC-5B052E7ECDF2} = {A11AE742-6127-3329-91AC-5B052E7ECDF2}
	EndProjectSection
EndProject
Project("{8BC9CEB8-8B4A-11D0-8D11-00A0C91BC942}") = "check_player", "check_player.vcxproj", "{A11AE742-6127-3329-91AC-5B052E7ECDF2}"
	ProjectSection(ProjectDependencies) = postProject
		{C5157984-0EA5-36C0-843A-85A4AC9EDA70} = {C5157984-0EA5-36C0-843A-85A4AC9EDA70}
		{D7BF8386-8ABE-36DA-BF0B-6DA74DA5F4D3} = {D7BF8386-8ABE-36DA-BF0B-6DA74DA5F4D3}
	EndProjectSection
EndProject
Project("{8BC9CEB8-8B4A-11D0-8D11-00A0C91BC942}") = "test_runner_player", "test_runner_player.vcxproj", "{D7BF8386-8ABE-36DA-BF0B-6DA74DA5F4D3}"
	ProjectSection(ProjectDependencies) = postProject
		{CA09720F-60CD-3D31-A78F-3331AA6D6772} = {CA09720F-60CD-3D31-A78F-3331AA6D6772}
		{C5157984-0EA5-36C0-843A-85A4AC9EDA70} = {C5157984-0EA5-36C0-843A-85A4AC9EDA70}
	EndProjectSection
EndProject
Global
	GlobalSection(SolutionConfigurationPlatforms) = preSolution
		Debug|x64 = Debug|x64
		Release|x64 = Release|x64
		MinSizeRel|x64 = MinSizeRel|x64
		RelWithDebInfo|x64 = RelWithDebInfo|x64
	EndGlobalSection
	GlobalSection(ProjectConfigurationPlatforms) = postSolution
		{2060E568-C647-3F9F-9EC8-E8186EA6CC87}.Debug|x64.ActiveCfg = Debug|x64
		{2060E568-C647-3F9F-9EC8-E8186EA6CC87}.Debug|x64.Build.0 = Debug|x64
		{2060E568-C647-3F9F-9EC8-E8186EA6CC87}.Release|x64.ActiveCfg = Release|x64
		{2060E568-C647-3F9F-9EC8-E8186EA6CC87}.Release|x64.Build.0 = Release|x64
		{2060E568-C647-3F9F-9EC8-E8186EA6CC87}.MinSizeRel|x64.ActiveCfg = MinSizeRel|x64
		{2060E568-C647-3F9F-9EC8-E8186EA6CC87}.MinSizeRel|x64.Build.0 = MinSizeRel|x64
		{2060E568-C647-3F9F-9EC8-E8186EA6CC87}.RelWithDebInfo|x64.ActiveCfg = RelWithDebInfo|x64
		{2060E568-C647-3F9F-9EC8-E8186EA6CC87}.RelWithDebInfo|x64.Build.0 = RelWithDebInfo|x64
		{CA09720F-60CD-3D31-A78F-3331AA6D6772}.Debug|x64.ActiveCfg = Debug|x64
		{CA09720F-60CD-3D31-A78F-3331AA6D6772}.Debug|x64.Build.0 = Debug|x64
		{CA09720F-60CD-3D31-A78F-3331AA6D6772}.Release|x64.ActiveCfg = Release|x64
		{CA09720F-60CD-3D31-A78F-3331AA6D6772}.Release|x64.Build.0 = Release|x64
		{CA09720F-60CD-3D31-A78F-3331AA6D6772}.MinSizeRel|x64.ActiveCfg = MinSizeRel|x64
		{CA09720F-60CD-3D31-A78F-3331AA6D6772}.MinSizeRel|x64.Build.0 = MinSizeRel|x64
		{CA09720F-60CD-3D31-A78F-3331AA6D6772}.RelWithDebInfo|x64.ActiveCfg = RelWithDebInfo|x64
		{CA09720F-60CD-3D31-A78F-3331AA6D6772}.RelWithDebInfo|x64.Build.0 = RelWithDebInfo|x64
		{392701A9-D6EE-34C9-A71A-713B2D45F823}.Debug|x64.ActiveCfg = Debug|x64
		{392701A9-D6EE-34C9-A71A-713B2D45F823}.Debug|x64.Build.0 = Debug|x64
		{392701A9-D6EE-34C9-A71A-713B2D45F823}.Release|x64.ActiveCfg = Release|x64
		{392701A9-D6EE-34C9-A71A-713B2D45F823}.Release|x64.Build.0 = Release|x64
		{392701A9-D6EE-34C9-A71A-713B2D45F823}.MinSizeRel|x64.ActiveCfg = MinSizeRel|x64
		{392701A9-D6EE-34C9-A71A-713B2D45F823}.MinSizeRel|x64.Build.0 = MinSizeRel|x64
		{392701A9-D6EE-34C9-A71A-713B2D45F823}.RelWithDebInfo|x64.ActiveCfg = RelWithDebInfo|x64
		{392701A9-D6EE-34C9-A71A-713B2D45F823}.RelWithDebInfo|x64.Build.0 = RelWithDebInfo|x64
		{EB2DF56E-38ED-3F11-BD8E-FCCAC057B68B}.Debug|x64.ActiveCfg = Debug|x64
		{EB2DF56E-38ED-3F11-BD8E-FCCAC057B68B}.Release|x64.ActiveCfg = Release|x64
		{EB2DF56E-38ED-3F11-BD8E-FCCAC057B68B}.MinSizeRel|x64.ActiveCfg = MinSizeRel|x64
		{EB2DF56E-38ED-3F11-BD8E-FCCAC057B68B}.RelWithDebInfo|x64.ActiveCfg = RelWithDebInfo|x64
		{C5157984-0EA5-36C0-843A-85A4AC9EDA70}.Debug|x64.ActiveCfg = Debug|x64
		{C5157984-0EA5-36C0-843A-85A4AC9EDA70}.Debug|x64.Build.0 = Debug|x64
		{C5157984-0EA5-36C0-843A-85A4AC9EDA70}.Release|x64.ActiveCfg = Release|x64
		{C5157984-0EA5-36C0-843A-85A4AC9EDA70}.Release|x64.Build.0 = Release|x64
		{C5157984-0EA5-36C0-843A-85A4AC9EDA70}.MinSizeRel|x64.ActiveCfg = MinSizeRel|x64
		{C5157984-0EA5-36C0-843A-85A4AC9EDA70}.MinSizeRel|x64.Build.0 = MinSizeRel|x64
		{C5157984-0EA5-36C0-843A-85A4AC9EDA70}.RelWithDebInfo|x64.ActiveCfg = RelWithDebInfo|x64
		{C5157984-0EA5-36C0-843A-85A4AC9EDA70}.RelWithDebInfo|x64.Build.0 = RelWithDebInfo|x64
		{6F59DB8F-3C01-34E6-A90A-CE6B3251038D}.Debug|x64.ActiveCfg = Debug|x64
		{6F59DB8F-3C01-34E6-A90A-CE6B3251038D}.Release|x64.ActiveCfg = Release|x64
		{6F59DB8F-3C01-34E6-A90A-CE6B3251038D}.MinSizeRel|x64.ActiveCfg = MinSizeRel|x64
		{6F59DB8F-3C01-34E6-A90A-CE6B3251038D}.RelWithDebInfo|x64.ActiveCfg = RelWithDebInfo|x64
		{A11AE742-6127-3329-91AC-5B052E7ECDF2}.Debug|x64.ActiveCfg = Debug|x64
		{A11AE742-6127-3329-91AC-5B052E7ECDF2}.Debug|x64.Build.0 = Debug|x64
		{A11AE742-6127-3329-91AC-5B052E7ECDF2}.Release|x64.ActiveCfg = Release|x64
		{A11AE742-6127-3329-91AC-5B052E7ECDF2}.Release|x64.Build.0 = Release|x64
		{A11AE742-6127-3329-91AC-5B052E7ECDF2}.MinSizeRel|x64.ActiveCfg = MinSizeRel|x64
		{A11AE742-6127-3329-91AC-5B052E7ECDF2}.MinSizeRel|x64.Build.0 = MinSizeRel|x64
		{A11AE742-6127-3329-91AC-5B052E7ECDF2}.RelWithDebInfo|x64.ActiveCfg = RelWithDebInfo|x64
		{A11AE742-6127-3329-91AC-5B052E7ECDF2}.RelWithDebInfo|x64.Build.0 = RelWithDebInfo|x64
		{D7BF8386-8ABE-36DA-BF0B-6DA74DA5F4D3}.Debug|x64.ActiveCfg = Debug|x64
		{D7BF8386-8ABE-36DA-BF0B-6DA74DA5F4D3}.Debug|x64.Build.0 = Debug|x64
		{D7BF8386-8ABE-36DA-BF0B-6DA74DA5F4D3}.Release|x64.ActiveCfg = Release|x64
		{D7BF8386-8ABE-36DA-BF0B-6DA74DA5F4D3}.Release|x64.Build.0 = Release|x64
		{D7BF8386-8ABE-36DA-BF0B-6DA74DA5F4D3}.MinSizeRel|x64.ActiveCfg = MinSizeRel|x64
		{D7BF8386-8ABE-36DA-BF0B-6DA74DA5F4D3}.MinSizeRel|x64.Build.0 = MinSizeRel|x64
		{D7BF8386-8ABE-36DA-BF0B-6DA74DA5F4D3}.RelWithDebInfo|x64.ActiveCfg = RelWithDebInfo|x64
		{D7BF8386-8ABE-36DA-BF0B-6DA74DA5F4D3}.RelWithDebInfo|x64.Build.0 = RelWithDebInfo|x64
	EndGlobalSection
	GlobalSection(ExtensibilityGlobals) = postSolution
		SolutionGuid = {80B71284-9186-36C9-AB0B-95BAF77C0D53}
	EndGlobalSection
	GlobalSection(ExtensibilityAddIns) = postSolution
	EndGlobalSection
EndGlobal
